
Microsoft Visual Studio Solution File, Format Version 12.00
# Visual Studio 15
VisualStudioVersion = 15.0.28307.489
MinimumVisualStudioVersion = 10.0.40219.1
Project("{FAE04EC0-301F-11D3-BF4B-00C04F79EFBC}") = "oop-3", "oop-3\oop-3.csproj", "{03967B59-DF25-42BD-9654-F5F833A66AF7}"
EndProject
Global
	GlobalSection(SolutionConfigurationPlatforms) = preSolution
		Debug|Any CPU = Debug|Any CPU
		Release|Any CPU = Release|Any CPU
	EndGlobalSection
	GlobalSection(ProjectConfigurationPlatforms) = postSolution
		{03967B59-DF25-42BD-9654-F5F833A66AF7}.Debug|Any CPU.ActiveCfg = Debug|Any CPU
		{03967B59-DF25-42BD-9654-F5F833A66AF7}.Debug|Any CPU.Build.0 = Debug|Any CPU
		{03967B59-DF25-42BD-9654-F5F833A66AF7}.Release|Any CPU.ActiveCfg = Release|Any CPU
		{03967B59-DF25-42BD-9654-F5F833A66AF7}.Release|Any CPU.Build.0 = Release|Any CPU
	EndGlobalSection
	GlobalSection(SolutionProperties) = preSolution
		HideSolutionNode = FALSE
	EndGlobalSection
	GlobalSection(ExtensibilityGlobals) = postSolution
		SolutionGuid = {392E8B5F-7950-45E1-8C5A-61C872B317D6}
	EndGlobalSection
EndGlobal
